# THIS IS AN AUTOGENERATED FILE. DO NOT EDIT THIS FILE DIRECTLY.
# yarn lockfile v1


"@ryb73/bs-node@0.0.2":
  version "0.0.2"
  resolved "https://registry.yarnpkg.com/@ryb73/bs-node/-/bs-node-0.0.2.tgz#de28f8bed90729dce5e98f5e12f65ad7731298da"
  integrity sha512-++wfKukj8ANDh7JdSMfeZVtwFLVdhxEU/90G69CV1jTi0qliXu42K7YGcnSkn8G8wt786vLA3R1lyCNP/Vsb/w==

nan@^2.0.8:
  version "2.12.1"
  resolved "https://registry.yarnpkg.com/nan/-/nan-2.12.1.tgz#7b1aa193e9aa86057e3c7bbd0ac448e770925552"
  integrity sha512-JY7V6lRkStKcKTvHO5NVSQRv+RV+FIL5pvDoLiAtSL9pKlC5x9PKQcZDsq7m4FO4d57mkhC6Z+QhAh3Jdk5JFw==

scrypt@^6.0.3:
  version "6.0.3"
  resolved "https://registry.yarnpkg.com/scrypt/-/scrypt-6.0.3.tgz#04e014a5682b53fa50c2d5cce167d719c06d870d"
  integrity sha1-BOAUpWgrU/pQwtXM4WfXGcBthw0=
  dependencies:
    nan "^2.0.8"
