# THIS IS AN AUTOGENERATED FILE. DO NOT EDIT THIS FILE DIRECTLY.
# yarn lockfile v1


"@ryb73/bs-node@0.0.4":
  version "0.0.4"
  resolved "https://registry.yarnpkg.com/@ryb73/bs-node/-/bs-node-0.0.4.tgz#ddb6344bedbea2e8ad48a935e70042f1c8af10a5"
  integrity sha512-jU1F1VS7Z5jxOwB8kBYeVI1AT+//K3p8vb1HYh/jfTVRpXNml/U8Ub6tCTgMJI4+EdLqkBeQ4NqKujoJqS/A/Q==

nan@^2.0.8:
  version "2.12.1"
  resolved "https://registry.yarnpkg.com/nan/-/nan-2.12.1.tgz#7b1aa193e9aa86057e3c7bbd0ac448e770925552"
  integrity sha512-JY7V6lRkStKcKTvHO5NVSQRv+RV+FIL5pvDoLiAtSL9pKlC5x9PKQcZDsq7m4FO4d57mkhC6Z+QhAh3Jdk5JFw==

scrypt@^6.0.3:
  version "6.0.3"
  resolved "https://registry.yarnpkg.com/scrypt/-/scrypt-6.0.3.tgz#04e014a5682b53fa50c2d5cce167d719c06d870d"
  integrity sha1-BOAUpWgrU/pQwtXM4WfXGcBthw0=
  dependencies:
    nan "^2.0.8"
