# THIS IS AN AUTOGENERATED FILE. DO NOT EDIT THIS FILE DIRECTLY.
# yarn lockfile v1


"@ryb73/bs-node@0.0.3":
  version "0.0.3"
  resolved "https://registry.yarnpkg.com/@ryb73/bs-node/-/bs-node-0.0.3.tgz#8541a44342784f406aa68e9896c6251889fcb6c5"
  integrity sha512-Botb4FBQKGoMma+VLArF1HNm3p04+NakaXzAk7diOSTJTm1Us4/N/p6ABPDRtWFB8w5vMCZLjzHSvT7b7RCRtA==
  dependencies:
    bs-platform "^5.0.3"

bs-platform@^5.0.3:
  version "5.0.3"
  resolved "https://registry.yarnpkg.com/bs-platform/-/bs-platform-5.0.3.tgz#2b167603ef52574cb9534fabab702f6013715e6c"
  integrity sha512-GAeypBebeDGTay5kJ3v5Z3Whp1Q4zQ0hAttflVtPG3zps88xDZnVAlS3JGIIBDmJFEMyNtv5947a/IWKvWXcPw==

nan@^2.0.8:
  version "2.12.1"
  resolved "https://registry.yarnpkg.com/nan/-/nan-2.12.1.tgz#7b1aa193e9aa86057e3c7bbd0ac448e770925552"
  integrity sha512-JY7V6lRkStKcKTvHO5NVSQRv+RV+FIL5pvDoLiAtSL9pKlC5x9PKQcZDsq7m4FO4d57mkhC6Z+QhAh3Jdk5JFw==

scrypt@^6.0.3:
  version "6.0.3"
  resolved "https://registry.yarnpkg.com/scrypt/-/scrypt-6.0.3.tgz#04e014a5682b53fa50c2d5cce167d719c06d870d"
  integrity sha1-BOAUpWgrU/pQwtXM4WfXGcBthw0=
  dependencies:
    nan "^2.0.8"
